// !$*UTF8*$!
{
	archiveVersion = 1;
	classes = {
	};
	objectVersion = 55;
	objects = {

/* Begin PBXBuildFile section */
		6AECDD6628AD14AD00CBE78D /* AppDelegate.swift in Sources */ = {isa = PBXBuildFile; fileRef = 6AECDD6528AD14AD00CBE78D /* AppDelegate.swift */; };
		6AECDD6828AD14AD00CBE78D /* SceneDelegate.swift in Sources */ = {isa = PBXBuildFile; fileRef = 6AECDD6728AD14AD00CBE78D /* SceneDelegate.swift */; };
		6AECDD6A28AD14AD00CBE78D /* ShoppingCartController.swift in Sources */ = {isa = PBXBuildFile; fileRef = 6AECDD6928AD14AD00CBE78D /* ShoppingCartController.swift */; };
		6AECDD7028AD14AD00CBE78D /* ShoppingCart.xcdatamodeld in Sources */ = {isa = PBXBuildFile; fileRef = 6AECDD6E28AD14AD00CBE78D /* ShoppingCart.xcdatamodeld */; };
		6AECDD7228AD14B000CBE78D /* Assets.xcassets in Resources */ = {isa = PBXBuildFile; fileRef = 6AECDD7128AD14B000CBE78D /* Assets.xcassets */; };
		6AECDD7528AD14B000CBE78D /* LaunchScreen.storyboard in Resources */ = {isa = PBXBuildFile; fileRef = 6AECDD7328AD14B000CBE78D /* LaunchScreen.storyboard */; };
		6AECDD8028AD14B100CBE78D /* ShoppingCartTests.swift in Sources */ = {isa = PBXBuildFile; fileRef = 6AECDD7F28AD14B100CBE78D /* ShoppingCartTests.swift */; };
		6AECDD8A28AD14B100CBE78D /* ShoppingCartUITests.swift in Sources */ = {isa = PBXBuildFile; fileRef = 6AECDD8928AD14B100CBE78D /* ShoppingCartUITests.swift */; };
		6AECDD8C28AD14B100CBE78D /* ShoppingCartUITestsLaunchTests.swift in Sources */ = {isa = PBXBuildFile; fileRef = 6AECDD8B28AD14B100CBE78D /* ShoppingCartUITestsLaunchTests.swift */; };
/* End PBXBuildFile section */

/* Begin PBXContainerItemProxy section */
		6AECDD7C28AD14B100CBE78D /* PBXContainerItemProxy */ = {
			isa = PBXContainerItemProxy;
			containerPortal = 6AECDD5A28AD14AD00CBE78D /* Project object */;
			proxyType = 1;
			remoteGlobalIDString = 6AECDD6128AD14AD00CBE78D;
			remoteInfo = ShoppingCart;
		};
		6AECDD8628AD14B100CBE78D /* PBXContainerItemProxy */ = {
			isa = PBXContainerItemProxy;
			containerPortal = 6AECDD5A28AD14AD00CBE78D /* Project object */;
			proxyType = 1;
			remoteGlobalIDString = 6AECDD6128AD14AD00CBE78D;
			remoteInfo = ShoppingCart;
		};
/* End PBXContainerItemProxy section */

/* Begin PBXFileReference section */
		6AECDD6228AD14AD00CBE78D /* ShoppingCart.app */ = {isa = PBXFileReference; explicitFileType = wrapper.application; includeInIndex = 0; path = ShoppingCart.app; sourceTree = BUILT_PRODUCTS_DIR; };
		6AECDD6528AD14AD00CBE78D /* AppDelegate.swift */ = {isa = PBXFileReference; lastKnownFileType = sourcecode.swift; path = AppDelegate.swift; sourceTree = "<group>"; };
		6AECDD6728AD14AD00CBE78D /* SceneDelegate.swift */ = {isa = PBXFileReference; lastKnownFileType = sourcecode.swift; path = SceneDelegate.swift; sourceTree = "<group>"; };
		6AECDD6928AD14AD00CBE78D /* ShoppingCartController.swift */ = {isa = PBXFileReference; lastKnownFileType = sourcecode.swift; path = ShoppingCartController.swift; sourceTree = "<group>"; };
		6AECDD6F28AD14AD00CBE78D /* ShoppingCart.xcdatamodel */ = {isa = PBXFileReference; lastKnownFileType = wrapper.xcdatamodel; path = ShoppingCart.xcdatamodel; sourceTree = "<group>"; };
		6AECDD7128AD14B000CBE78D /* Assets.xcassets */ = {isa = PBXFileReference; lastKnownFileType = folder.assetcatalog; path = Assets.xcassets; sourceTree = "<group>"; };
		6AECDD7428AD14B000CBE78D /* Base */ = {isa = PBXFileReference; lastKnownFileType = file.storyboard; name = Base; path = Base.lproj/LaunchScreen.storyboard; sourceTree = "<group>"; };
		6AECDD7628AD14B000CBE78D /* Info.plist */ = {isa = PBXFileReference; lastKnownFileType = text.plist.xml; path = Info.plist; sourceTree = "<group>"; };
		6AECDD7B28AD14B100CBE78D /* ShoppingCartTests.xctest */ = {isa = PBXFileReference; explicitFileType = wrapper.cfbundle; includeInIndex = 0; path = ShoppingCartTests.xctest; sourceTree = BUILT_PRODUCTS_DIR; };
		6AECDD7F28AD14B100CBE78D /* ShoppingCartTests.swift */ = {isa = PBXFileReference; lastKnownFileType = sourcecode.swift; path = ShoppingCartTests.swift; sourceTree = "<group>"; };
		6AECDD8528AD14B100CBE78D /* ShoppingCartUITests.xctest */ = {isa = PBXFileReference; explicitFileType = wrapper.cfbundle; includeInIndex = 0; path = ShoppingCartUITests.xctest; sourceTree = BUILT_PRODUCTS_DIR; };
		6AECDD8928AD14B100CBE78D /* ShoppingCartUITests.swift */ = {isa = PBXFileReference; lastKnownFileType = sourcecode.swift; path = ShoppingCartUITests.swift; sourceTree = "<group>"; };
		6AECDD8B28AD14B100CBE78D /* ShoppingCartUITestsLaunchTests.swift */ = {isa = PBXFileReference; lastKnownFileType = sourcecode.swift; path = ShoppingCartUITestsLaunchTests.swift; sourceTree = "<group>"; };
/* End PBXFileReference section */

/* Begin PBXFrameworksBuildPhase section */
		6AECDD5F28AD14AD00CBE78D /* Frameworks */ = {
			isa = PBXFrameworksBuildPhase;
			buildActionMask = 2147483647;
			files = (
			);
			runOnlyForDeploymentPostprocessing = 0;
		};
		6AECDD7828AD14B100CBE78D /* Frameworks */ = {
			isa = PBXFrameworksBuildPhase;
			buildActionMask = 2147483647;
			files = (
			);
			runOnlyForDeploymentPostprocessing = 0;
		};
		6AECDD8228AD14B100CBE78D /* Frameworks */ = {
			isa = PBXFrameworksBuildPhase;
			buildActionMask = 2147483647;
			files = (
			);
			runOnlyForDeploymentPostprocessing = 0;
		};
/* End PBXFrameworksBuildPhase section */

/* Begin PBXGroup section */
		6AECDD5928AD14AD00CBE78D = {
			isa = PBXGroup;
			children = (
				6AECDD6428AD14AD00CBE78D /* ShoppingCart */,
				6AECDD7E28AD14B100CBE78D /* ShoppingCartTests */,
				6AECDD8828AD14B100CBE78D /* ShoppingCartUITests */,
				6AECDD6328AD14AD00CBE78D /* Products */,
			);
			sourceTree = "<group>";
		};
		6AECDD6328AD14AD00CBE78D /* Products */ = {
			isa = PBXGroup;
			children = (
				6AECDD6228AD14AD00CBE78D /* ShoppingCart.app */,
				6AECDD7B28AD14B100CBE78D /* ShoppingCartTests.xctest */,
				6AECDD8528AD14B100CBE78D /* ShoppingCartUITests.xctest */,
			);
			name = Products;
			sourceTree = "<group>";
		};
		6AECDD6428AD14AD00CBE78D /* ShoppingCart */ = {
			isa = PBXGroup;
			children = (
				6AECDD9E28AD164100CBE78D /* Database */,
				6AECDD9D28AD163000CBE78D /* SupportingFiles */,
				6AECDD9B28AD161600CBE78D /* Asset */,
				6AECDD9928AD15C600CBE78D /* Modules */,
			);
			path = ShoppingCart;
			sourceTree = "<group>";
		};
		6AECDD7E28AD14B100CBE78D /* ShoppingCartTests */ = {
			isa = PBXGroup;
			children = (
				6AECDD7F28AD14B100CBE78D /* ShoppingCartTests.swift */,
			);
			path = ShoppingCartTests;
			sourceTree = "<group>";
		};
		6AECDD8828AD14B100CBE78D /* ShoppingCartUITests */ = {
			isa = PBXGroup;
			children = (
				6AECDD8928AD14B100CBE78D /* ShoppingCartUITests.swift */,
				6AECDD8B28AD14B100CBE78D /* ShoppingCartUITestsLaunchTests.swift */,
			);
			path = ShoppingCartUITests;
			sourceTree = "<group>";
		};
		6AECDD9828AD15B900CBE78D /* App */ = {
			isa = PBXGroup;
			children = (
				6AECDD6528AD14AD00CBE78D /* AppDelegate.swift */,
				6AECDD6728AD14AD00CBE78D /* SceneDelegate.swift */,
			);
			path = App;
			sourceTree = "<group>";
		};
		6AECDD9928AD15C600CBE78D /* Modules */ = {
			isa = PBXGroup;
			children = (
				6AECDD9A28AD15CF00CBE78D /* ShoppingCart */,
				6AECDD9828AD15B900CBE78D /* App */,
			);
			path = Modules;
			sourceTree = "<group>";
		};
		6AECDD9A28AD15CF00CBE78D /* ShoppingCart */ = {
			isa = PBXGroup;
			children = (
				6AECDD6928AD14AD00CBE78D /* ShoppingCartController.swift */,
			);
			path = ShoppingCart;
			sourceTree = "<group>";
		};
		6AECDD9B28AD161600CBE78D /* Asset */ = {
			isa = PBXGroup;
			children = (
				6AECDD9C28AD162000CBE78D /* Images */,
			);
			path = Asset;
			sourceTree = "<group>";
		};
		6AECDD9C28AD162000CBE78D /* Images */ = {
			isa = PBXGroup;
			children = (
				6AECDD7128AD14B000CBE78D /* Assets.xcassets */,
			);
			path = Images;
			sourceTree = "<group>";
		};
		6AECDD9D28AD163000CBE78D /* SupportingFiles */ = {
			isa = PBXGroup;
			children = (
				6AECDD7328AD14B000CBE78D /* LaunchScreen.storyboard */,
				6AECDD7628AD14B000CBE78D /* Info.plist */,
			);
			name = SupportingFiles;
			sourceTree = "<group>";
		};
		6AECDD9E28AD164100CBE78D /* Database */ = {
			isa = PBXGroup;
			children = (
				6AECDD6E28AD14AD00CBE78D /* ShoppingCart.xcdatamodeld */,
			);
			path = Database;
			sourceTree = "<group>";
		};
/* End PBXGroup section */

/* Begin PBXNativeTarget section */
		6AECDD6128AD14AD00CBE78D /* ShoppingCart */ = {
			isa = PBXNativeTarget;
			buildConfigurationList = 6AECDD8F28AD14B100CBE78D /* Build configuration list for PBXNativeTarget "ShoppingCart" */;
			buildPhases = (
				6AECDD5E28AD14AD00CBE78D /* Sources */,
				6AECDD5F28AD14AD00CBE78D /* Frameworks */,
				6AECDD6028AD14AD00CBE78D /* Resources */,
			);
			buildRules = (
			);
			dependencies = (
			);
			name = ShoppingCart;
			productName = ShoppingCart;
			productReference = 6AECDD6228AD14AD00CBE78D /* ShoppingCart.app */;
			productType = "com.apple.product-type.application";
		};
		6AECDD7A28AD14B100CBE78D /* ShoppingCartTests */ = {
			isa = PBXNativeTarget;
			buildConfigurationList = 6AECDD9228AD14B100CBE78D /* Build configuration list for PBXNativeTarget "ShoppingCartTests" */;
			buildPhases = (
				6AECDD7728AD14B100CBE78D /* Sources */,
				6AECDD7828AD14B100CBE78D /* Frameworks */,
				6AECDD7928AD14B100CBE78D /* Resources */,
			);
			buildRules = (
			);
			dependencies = (
				6AECDD7D28AD14B100CBE78D /* PBXTargetDependency */,
			);
			name = ShoppingCartTests;
			productName = ShoppingCartTests;
			productReference = 6AECDD7B28AD14B100CBE78D /* ShoppingCartTests.xctest */;
			productType = "com.apple.product-type.bundle.unit-test";
		};
		6AECDD8428AD14B100CBE78D /* ShoppingCartUITests */ = {
			isa = PBXNativeTarget;
			buildConfigurationList = 6AECDD9528AD14B100CBE78D /* Build configuration list for PBXNativeTarget "ShoppingCartUITests" */;
			buildPhases = (
				6AECDD8128AD14B100CBE78D /* Sources */,
				6AECDD8228AD14B100CBE78D /* Frameworks */,
				6AECDD8328AD14B100CBE78D /* Resources */,
			);
			buildRules = (
			);
			dependencies = (
				6AECDD8728AD14B100CBE78D /* PBXTargetDependency */,
			);
			name = ShoppingCartUITests;
			productName = ShoppingCartUITests;
			productReference = 6AECDD8528AD14B100CBE78D /* ShoppingCartUITests.xctest */;
			productType = "com.apple.product-type.bundle.ui-testing";
		};
/* End PBXNativeTarget section */

/* Begin PBXProject section */
		6AECDD5A28AD14AD00CBE78D /* Project object */ = {
			isa = PBXProject;
			attributes = {
				BuildIndependentTargetsInParallel = 1;
				LastSwiftUpdateCheck = 1340;
				LastUpgradeCheck = 1340;
				TargetAttributes = {
					6AECDD6128AD14AD00CBE78D = {
						CreatedOnToolsVersion = 13.4.1;
					};
					6AECDD7A28AD14B100CBE78D = {
						CreatedOnToolsVersion = 13.4.1;
						TestTargetID = 6AECDD6128AD14AD00CBE78D;
					};
					6AECDD8428AD14B100CBE78D = {
						CreatedOnToolsVersion = 13.4.1;
						TestTargetID = 6AECDD6128AD14AD00CBE78D;
					};
				};
			};
			buildConfigurationList = 6AECDD5D28AD14AD00CBE78D /* Build configuration list for PBXProject "ShoppingCart" */;
			compatibilityVersion = "Xcode 13.0";
			developmentRegion = en;
			hasScannedForEncodings = 0;
			knownRegions = (
				en,
				Base,
			);
			mainGroup = 6AECDD5928AD14AD00CBE78D;
			productRefGroup = 6AECDD6328AD14AD00CBE78D /* Products */;
			projectDirPath = "";
			projectRoot = "";
			targets = (
				6AECDD6128AD14AD00CBE78D /* ShoppingCart */,
				6AECDD7A28AD14B100CBE78D /* ShoppingCartTests */,
				6AECDD8428AD14B100CBE78D /* ShoppingCartUITests */,
			);
		};
/* End PBXProject section */

/* Begin PBXResourcesBuildPhase section */
		6AECDD6028AD14AD00CBE78D /* Resources */ = {
			isa = PBXResourcesBuildPhase;
			buildActionMask = 2147483647;
			files = (
				6AECDD7528AD14B000CBE78D /* LaunchScreen.storyboard in Resources */,
				6AECDD7228AD14B000CBE78D /* Assets.xcassets in Resources */,
			);
			runOnlyForDeploymentPostprocessing = 0;
		};
		6AECDD7928AD14B100CBE78D /* Resources */ = {
			isa = PBXResourcesBuildPhase;
			buildActionMask = 2147483647;
			files = (
			);
			runOnlyForDeploymentPostprocessing = 0;
		};
		6AECDD8328AD14B100CBE78D /* Resources */ = {
			isa = PBXResourcesBuildPhase;
			buildActionMask = 2147483647;
			files = (
			);
			runOnlyForDeploymentPostprocessing = 0;
		};
/* End PBXResourcesBuildPhase section */

/* Begin PBXSourcesBuildPhase section */
		6AECDD5E28AD14AD00CBE78D /* Sources */ = {
			isa = PBXSourcesBuildPhase;
			buildActionMask = 2147483647;
			files = (
				6AECDD6A28AD14AD00CBE78D /* ShoppingCartController.swift in Sources */,
				6AECDD6628AD14AD00CBE78D /* AppDelegate.swift in Sources */,
				6AECDD6828AD14AD00CBE78D /* SceneDelegate.swift in Sources */,
				6AECDD7028AD14AD00CBE78D /* ShoppingCart.xcdatamodeld in Sources */,
			);
			runOnlyForDeploymentPostprocessing = 0;
		};
		6AECDD7728AD14B100CBE78D /* Sources */ = {
			isa = PBXSourcesBuildPhase;
			buildActionMask = 2147483647;
			files = (
				6AECDD8028AD14B100CBE78D /* ShoppingCartTests.swift in Sources */,
			);
			runOnlyForDeploymentPostprocessing = 0;
		};
		6AECDD8128AD14B100CBE78D /* Sources */ = {
			isa = PBXSourcesBuildPhase;
			buildActionMask = 2147483647;
			files = (
				6AECDD8C28AD14B100CBE78D /* ShoppingCartUITestsLaunchTests.swift in Sources */,
				6AECDD8A28AD14B100CBE78D /* ShoppingCartUITests.swift in Sources */,
			);
			runOnlyForDeploymentPostprocessing = 0;
		};
/* End PBXSourcesBuildPhase section */

/* Begin PBXTargetDependency section */
		6AECDD7D28AD14B100CBE78D /* PBXTargetDependency */ = {
			isa = PBXTargetDependency;
			target = 6AECDD6128AD14AD00CBE78D /* ShoppingCart */;
			targetProxy = 6AECDD7C28AD14B100CBE78D /* PBXContainerItemProxy */;
		};
		6AECDD8728AD14B100CBE78D /* PBXTargetDependency */ = {
			isa = PBXTargetDependency;
			target = 6AECDD6128AD14AD00CBE78D /* ShoppingCart */;
			targetProxy = 6AECDD8628AD14B100CBE78D /* PBXContainerItemProxy */;
		};
/* End PBXTargetDependency section */

/* Begin PBXVariantGroup section */
		6AECDD7328AD14B000CBE78D /* LaunchScreen.storyboard */ = {
			isa = PBXVariantGroup;
			children = (
				6AECDD7428AD14B000CBE78D /* Base */,
			);
			name = LaunchScreen.storyboard;
			sourceTree = "<group>";
		};
/* End PBXVariantGroup section */

/* Begin XCBuildConfiguration section */
		6AECDD8D28AD14B100CBE78D /* Debug */ = {
			isa = XCBuildConfiguration;
			buildSettings = {
				ALWAYS_SEARCH_USER_PATHS = NO;
				CLANG_ANALYZER_NONNULL = YES;
				CLANG_ANALYZER_NUMBER_OBJECT_CONVERSION = YES_AGGRESSIVE;
				CLANG_CXX_LANGUAGE_STANDARD = "gnu++17";
				CLANG_ENABLE_MODULES = YES;
				CLANG_ENABLE_OBJC_ARC = YES;
				CLANG_ENABLE_OBJC_WEAK = YES;
				CLANG_WARN_BLOCK_CAPTURE_AUTORELEASING = YES;
				CLANG_WARN_BOOL_CONVERSION = YES;
				CLANG_WARN_COMMA = YES;
				CLANG_WARN_CONSTANT_CONVERSION = YES;
				CLANG_WARN_DEPRECATED_OBJC_IMPLEMENTATIONS = YES;
				CLANG_WARN_DIRECT_OBJC_ISA_USAGE = YES_ERROR;
				CLANG_WARN_DOCUMENTATION_COMMENTS = YES;
				CLANG_WARN_EMPTY_BODY = YES;
				CLANG_WARN_ENUM_CONVERSION = YES;
				CLANG_WARN_INFINITE_RECURSION = YES;
				CLANG_WARN_INT_CONVERSION = YES;
				CLANG_WARN_NON_LITERAL_NULL_CONVERSION = YES;
				CLANG_WARN_OBJC_IMPLICIT_RETAIN_SELF = YES;
				CLANG_WARN_OBJC_LITERAL_CONVERSION = YES;
				CLANG_WARN_OBJC_ROOT_CLASS = YES_ERROR;
				CLANG_WARN_QUOTED_INCLUDE_IN_FRAMEWORK_HEADER = YES;
				CLANG_WARN_RANGE_LOOP_ANALYSIS = YES;
				CLANG_WARN_STRICT_PROTOTYPES = YES;
				CLANG_WARN_SUSPICIOUS_MOVE = YES;
				CLANG_WARN_UNGUARDED_AVAILABILITY = YES_AGGRESSIVE;
				CLANG_WARN_UNREACHABLE_CODE = YES;
				CLANG_WARN__DUPLICATE_METHOD_MATCH = YES;
				COPY_PHASE_STRIP = NO;
				DEBUG_INFORMATION_FORMAT = dwarf;
				ENABLE_STRICT_OBJC_MSGSEND = YES;
				ENABLE_TESTABILITY = YES;
				GCC_C_LANGUAGE_STANDARD = gnu11;
				GCC_DYNAMIC_NO_PIC = NO;
				GCC_NO_COMMON_BLOCKS = YES;
				GCC_OPTIMIZATION_LEVEL = 0;
				GCC_PREPROCESSOR_DEFINITIONS = (
					"DEBUG=1",
					"$(inherited)",
				);
				GCC_WARN_64_TO_32_BIT_CONVERSION = YES;
				GCC_WARN_ABOUT_RETURN_TYPE = YES_ERROR;
				GCC_WARN_UNDECLARED_SELECTOR = YES;
				GCC_WARN_UNINITIALIZED_AUTOS = YES_AGGRESSIVE;
				GCC_WARN_UNUSED_FUNCTION = YES;
				GCC_WARN_UNUSED_VARIABLE = YES;
				IPHONEOS_DEPLOYMENT_TARGET = 15.5;
				MTL_ENABLE_DEBUG_INFO = INCLUDE_SOURCE;
				MTL_FAST_MATH = YES;
				ONLY_ACTIVE_ARCH = YES;
				SDKROOT = iphoneos;
				SWIFT_ACTIVE_COMPILATION_CONDITIONS = DEBUG;
				SWIFT_OPTIMIZATION_LEVEL = "-Onone";
			};
			name = Debug;
		};
		6AECDD8E28AD14B100CBE78D /* Release */ = {
			isa = XCBuildConfiguration;
			buildSettings = {
				ALWAYS_SEARCH_USER_PATHS = NO;
				CLANG_ANALYZER_NONNULL = YES;
				CLANG_ANALYZER_NUMBER_OBJECT_CONVERSION = YES_AGGRESSIVE;
				CLANG_CXX_LANGUAGE_STANDARD = "gnu++17";
				CLANG_ENABLE_MODULES = YES;
				CLANG_ENABLE_OBJC_ARC = YES;
				CLANG_ENABLE_OBJC_WEAK = YES;
				CLANG_WARN_BLOCK_CAPTURE_AUTORELEASING = YES;
				CLANG_WARN_BOOL_CONVERSION = YES;
				CLANG_WARN_COMMA = YES;
				CLANG_WARN_CONSTANT_CONVERSION = YES;
				CLANG_WARN_DEPRECATED_OBJC_IMPLEMENTATIONS = YES;
				CLANG_WARN_DIRECT_OBJC_ISA_USAGE = YES_ERROR;
				CLANG_WARN_DOCUMENTATION_COMMENTS = YES;
				CLANG_WARN_EMPTY_BODY = YES;
				CLANG_WARN_ENUM_CONVERSION = YES;
				CLANG_WARN_INFINITE_RECURSION = YES;
				CLANG_WARN_INT_CONVERSION = YES;
				CLANG_WARN_NON_LITERAL_NULL_CONVERSION = YES;
				CLANG_WARN_OBJC_IMPLICIT_RETAIN_SELF = YES;
				CLANG_WARN_OBJC_LITERAL_CONVERSION = YES;
				CLANG_WARN_OBJC_ROOT_CLASS = YES_ERROR;
				CLANG_WARN_QUOTED_INCLUDE_IN_FRAMEWORK_HEADER = YES;
				CLANG_WARN_RANGE_LOOP_ANALYSIS = YES;
				CLANG_WARN_STRICT_PROTOTYPES = YES;
				CLANG_WARN_SUSPICIOUS_MOVE = YES;
				CLANG_WARN_UNGUARDED_AVAILABILITY = YES_AGGRESSIVE;
				CLANG_WARN_UNREACHABLE_CODE = YES;
				CLANG_WARN__DUPLICATE_METHOD_MATCH = YES;
				COPY_PHASE_STRIP = NO;
				DEBUG_INFORMATION_FORMAT = "dwarf-with-dsym";
				ENABLE_NS_ASSERTIONS = NO;
				ENABLE_STRICT_OBJC_MSGSEND = YES;
				GCC_C_LANGUAGE_STANDARD = gnu11;
				GCC_NO_COMMON_BLOCKS = YES;
				GCC_WARN_64_TO_32_BIT_CONVERSION = YES;
				GCC_WARN_ABOUT_RETURN_TYPE = YES_ERROR;
				GCC_WARN_UNDECLARED_SELECTOR = YES;
				GCC_WARN_UNINITIALIZED_AUTOS = YES_AGGRESSIVE;
				GCC_WARN_UNUSED_FUNCTION = YES;
				GCC_WARN_UNUSED_VARIABLE = YES;
				IPHONEOS_DEPLOYMENT_TARGET = 15.5;
				MTL_ENABLE_DEBUG_INFO = NO;
				MTL_FAST_MATH = YES;
				SDKROOT = iphoneos;
				SWIFT_COMPILATION_MODE = wholemodule;
				SWIFT_OPTIMIZATION_LEVEL = "-O";
				VALIDATE_PRODUCT = YES;
			};
			name = Release;
		};
		6AECDD9028AD14B100CBE78D /* Debug */ = {
			isa = XCBuildConfiguration;
			buildSettings = {
				ASSETCATALOG_COMPILER_APPICON_NAME = AppIcon;
				ASSETCATALOG_COMPILER_GLOBAL_ACCENT_COLOR_NAME = AccentColor;
				CODE_SIGN_STYLE = Automatic;
				CURRENT_PROJECT_VERSION = 1;
				DEVELOPMENT_TEAM = K7AB4TLJ34;
				GENERATE_INFOPLIST_FILE = YES;
				INFOPLIST_FILE = ShoppingCart/Info.plist;
				INFOPLIST_KEY_UIApplicationSupportsIndirectInputEvents = YES;
				INFOPLIST_KEY_UILaunchStoryboardName = LaunchScreen;
				INFOPLIST_KEY_UIMainStoryboardFile = Main;
				INFOPLIST_KEY_UISupportedInterfaceOrientations_iPad = "UIInterfaceOrientationPortrait UIInterfaceOrientationPortraitUpsideDown UIInterfaceOrientationLandscapeLeft UIInterfaceOrientationLandscapeRight";
				INFOPLIST_KEY_UISupportedInterfaceOrientations_iPhone = "UIInterfaceOrientationPortrait UIInterfaceOrientationLandscapeLeft UIInterfaceOrientationLandscapeRight";
				IPHONEOS_DEPLOYMENT_TARGET = 14.0;
				LD_RUNPATH_SEARCH_PATHS = (
					"$(inherited)",
					"@executable_path/Frameworks",
				);
				MARKETING_VERSION = 1.0;
				PRODUCT_BUNDLE_IDENTIFIER = com.pun.rabin.ShoppingCart;
				PRODUCT_NAME = "$(TARGET_NAME)";
				SWIFT_EMIT_LOC_STRINGS = YES;
				SWIFT_VERSION = 5.0;
				TARGETED_DEVICE_FAMILY = "1,2";
			};
			name = Debug;
		};
		6AECDD9128AD14B100CBE78D /* Release */ = {
			isa = XCBuildConfiguration;
			buildSettings = {
				ASSETCATALOG_COMPILER_APPICON_NAME = AppIcon;
				ASSETCATALOG_COMPILER_GLOBAL_ACCENT_COLOR_NAME = AccentColor;
				CODE_SIGN_STYLE = Automatic;
				CURRENT_PROJECT_VERSION = 1;
				DEVELOPMENT_TEAM = K7AB4TLJ34;
				GENERATE_INFOPLIST_FILE = YES;
				INFOPLIST_FILE = ShoppingCart/Info.plist;
				INFOPLIST_KEY_UIApplicationSupportsIndirectInputEvents = YES;
				INFOPLIST_KEY_UILaunchStoryboardName = LaunchScreen;
				INFOPLIST_KEY_UIMainStoryboardFile = Main;
				INFOPLIST_KEY_UISupportedInterfaceOrientations_iPad = "UIInterfaceOrientationPortrait UIInterfaceOrientationPortraitUpsideDown UIInterfaceOrientationLandscapeLeft UIInterfaceOrientationLandscapeRight";
				INFOPLIST_KEY_UISupportedInterfaceOrientations_iPhone = "UIInterfaceOrientationPortrait UIInterfaceOrientationLandscapeLeft UIInterfaceOrientationLandscapeRight";
				IPHONEOS_DEPLOYMENT_TARGET = 14.0;
				LD_RUNPATH_SEARCH_PATHS = (
					"$(inherited)",
					"@executable_path/Frameworks",
				);
				MARKETING_VERSION = 1.0;
				PRODUCT_BUNDLE_IDENTIFIER = com.pun.rabin.ShoppingCart;
				PRODUCT_NAME = "$(TARGET_NAME)";
				SWIFT_EMIT_LOC_STRINGS = YES;
				SWIFT_VERSION = 5.0;
				TARGETED_DEVICE_FAMILY = "1,2";
			};
			name = Release;
		};
		6AECDD9328AD14B100CBE78D /* Debug */ = {
			isa = XCBuildConfiguration;
			buildSettings = {
				ALWAYS_EMBED_SWIFT_STANDARD_LIBRARIES = YES;
				BUNDLE_LOADER = "$(TEST_HOST)";
				CODE_SIGN_STYLE = Automatic;
				CURRENT_PROJECT_VERSION = 1;
				DEVELOPMENT_TEAM = K7AB4TLJ34;
				GENERATE_INFOPLIST_FILE = YES;
				IPHONEOS_DEPLOYMENT_TARGET = 15.5;
				MARKETING_VERSION = 1.0;
				PRODUCT_BUNDLE_IDENTIFIER = com.pun.rabin.ShoppingCartTests;
				PRODUCT_NAME = "$(TARGET_NAME)";
				SWIFT_EMIT_LOC_STRINGS = NO;
				SWIFT_VERSION = 5.0;
				TARGETED_DEVICE_FAMILY = "1,2";
				TEST_HOST = "$(BUILT_PRODUCTS_DIR)/ShoppingCart.app/ShoppingCart";
			};
			name = Debug;
		};
		6AECDD9428AD14B100CBE78D /* Release */ = {
			isa = XCBuildConfiguration;
			buildSettings = {
				ALWAYS_EMBED_SWIFT_STANDARD_LIBRARIES = YES;
				BUNDLE_LOADER = "$(TEST_HOST)";
				CODE_SIGN_STYLE = Automatic;
				CURRENT_PROJECT_VERSION = 1;
				DEVELOPMENT_TEAM = K7AB4TLJ34;
				GENERATE_INFOPLIST_FILE = YES;
				IPHONEOS_DEPLOYMENT_TARGET = 15.5;
				MARKETING_VERSION = 1.0;
				PRODUCT_BUNDLE_IDENTIFIER = com.pun.rabin.ShoppingCartTests;
				PRODUCT_NAME = "$(TARGET_NAME)";
				SWIFT_EMIT_LOC_STRINGS = NO;
				SWIFT_VERSION = 5.0;
				TARGETED_DEVICE_FAMILY = "1,2";
				TEST_HOST = "$(BUILT_PRODUCTS_DIR)/ShoppingCart.app/ShoppingCart";
			};
			name = Release;
		};
		6AECDD9628AD14B100CBE78D /* Debug */ = {
			isa = XCBuildConfiguration;
			buildSettings = {
				ALWAYS_EMBED_SWIFT_STANDARD_LIBRARIES = YES;
				CODE_SIGN_STYLE = Automatic;
				CURRENT_PROJECT_VERSION = 1;
				DEVELOPMENT_TEAM = K7AB4TLJ34;
				GENERATE_INFOPLIST_FILE = YES;
				MARKETING_VERSION = 1.0;
				PRODUCT_BUNDLE_IDENTIFIER = com.pun.rabin.ShoppingCartUITests;
				PRODUCT_NAME = "$(TARGET_NAME)";
				SWIFT_EMIT_LOC_STRINGS = NO;
				SWIFT_VERSION = 5.0;
				TARGETED_DEVICE_FAMILY = "1,2";
				TEST_TARGET_NAME = ShoppingCart;
			};
			name = Debug;
		};
		6AECDD9728AD14B100CBE78D /* Release */ = {
			isa = XCBuildConfiguration;
			buildSettings = {
				ALWAYS_EMBED_SWIFT_STANDARD_LIBRARIES = YES;
				CODE_SIGN_STYLE = Automatic;
				CURRENT_PROJECT_VERSION = 1;
				DEVELOPMENT_TEAM = K7AB4TLJ34;
				GENERATE_INFOPLIST_FILE = YES;
				MARKETING_VERSION = 1.0;
				PRODUCT_BUNDLE_IDENTIFIER = com.pun.rabin.ShoppingCartUITests;
				PRODUCT_NAME = "$(TARGET_NAME)";
				SWIFT_EMIT_LOC_STRINGS = NO;
				SWIFT_VERSION = 5.0;
				TARGETED_DEVICE_FAMILY = "1,2";
				TEST_TARGET_NAME = ShoppingCart;
			};
			name = Release;
		};
/* End XCBuildConfiguration section */

/* Begin XCConfigurationList section */
		6AECDD5D28AD14AD00CBE78D /* Build configuration list for PBXProject "ShoppingCart" */ = {
			isa = XCConfigurationList;
			buildConfigurations = (
				6AECDD8D28AD14B100CBE78D /* Debug */,
				6AECDD8E28AD14B100CBE78D /* Release */,
			);
			defaultConfigurationIsVisible = 0;
			defaultConfigurationName = Release;
		};
		6AECDD8F28AD14B100CBE78D /* Build configuration list for PBXNativeTarget "ShoppingCart" */ = {
			isa = XCConfigurationList;
			buildConfigurations = (
				6AECDD9028AD14B100CBE78D /* Debug */,
				6AECDD9128AD14B100CBE78D /* Release */,
			);
			defaultConfigurationIsVisible = 0;
			defaultConfigurationName = Release;
		};
		6AECDD9228AD14B100CBE78D /* Build configuration list for PBXNativeTarget "ShoppingCartTests" */ = {
			isa = XCConfigurationList;
			buildConfigurations = (
				6AECDD9328AD14B100CBE78D /* Debug */,
				6AECDD9428AD14B100CBE78D /* Release */,
			);
			defaultConfigurationIsVisible = 0;
			defaultConfigurationName = Release;
		};
		6AECDD9528AD14B100CBE78D /* Build configuration list for PBXNativeTarget "ShoppingCartUITests" */ = {
			isa = XCConfigurationList;
			buildConfigurations = (
				6AECDD9628AD14B100CBE78D /* Debug */,
				6AECDD9728AD14B100CBE78D /* Release */,
			);
			defaultConfigurationIsVisible = 0;
			defaultConfigurationName = Release;
		};
/* End XCConfigurationList section */

/* Begin XCVersionGroup section */
		6AECDD6E28AD14AD00CBE78D /* ShoppingCart.xcdatamodeld */ = {
			isa = XCVersionGroup;
			children = (
				6AECDD6F28AD14AD00CBE78D /* ShoppingCart.xcdatamodel */,
			);
			currentVersion = 6AECDD6F28AD14AD00CBE78D /* ShoppingCart.xcdatamodel */;
			path = ShoppingCart.xcdatamodeld;
			sourceTree = "<group>";
			versionGroupType = wrapper.xcdatamodel;
		};
/* End XCVersionGroup section */
	};
	rootObject = 6AECDD5A28AD14AD00CBE78D /* Project object */;
}
